
Microsoft Visual Studio Solution File, Format Version 12.00
# Visual Studio Version 16
VisualStudioVersion = 16.0.30114.105
MinimumVisualStudioVersion = 10.0.40219.1
Project("{FAE04EC0-301F-11D3-BF4B-00C04F79EFBC}") = "Core", "Core\Core.csproj", "{228EBC1B-BF7C-4B5F-86D2-457DAD48B46A}"
EndProject
Project("{FAE04EC0-301F-11D3-BF4B-00C04F79EFBC}") = "CLI", "CLI\CLI.csproj", "{AF0F14EC-0474-454C-9968-F0FC794027F5}"
EndProject
Global
	GlobalSection(SolutionConfigurationPlatforms) = preSolution
		Debug|Any CPU = Debug|Any CPU
		Release|Any CPU = Release|Any CPU
	EndGlobalSection
	GlobalSection(SolutionProperties) = preSolution
		HideSolutionNode = FALSE
	EndGlobalSection
	GlobalSection(ProjectConfigurationPlatforms) = postSolution
		{228EBC1B-BF7C-4B5F-86D2-457DAD48B46A}.Debug|Any CPU.ActiveCfg = Debug|Any CPU
		{228EBC1B-BF7C-4B5F-86D2-457DAD48B46A}.Debug|Any CPU.Build.0 = Debug|Any CPU
		{228EBC1B-BF7C-4B5F-86D2-457DAD48B46A}.Release|Any CPU.ActiveCfg = Release|Any CPU
		{228EBC1B-BF7C-4B5F-86D2-457DAD48B46A}.Release|Any CPU.Build.0 = Release|Any CPU
		{AF0F14EC-0474-454C-9968-F0FC794027F5}.Debug|Any CPU.ActiveCfg = Debug|Any CPU
		{AF0F14EC-0474-454C-9968-F0FC794027F5}.Debug|Any CPU.Build.0 = Debug|Any CPU
		{AF0F14EC-0474-454C-9968-F0FC794027F5}.Release|Any CPU.ActiveCfg = Release|Any CPU
		{AF0F14EC-0474-454C-9968-F0FC794027F5}.Release|Any CPU.Build.0 = Release|Any CPU
	EndGlobalSection
EndGlobal
